
Microsoft Visual Studio Solution File, Format Version 12.00
# Visual Studio Version 17
VisualStudioVersion = 17.5.002.0
MinimumVisualStudioVersion = 10.0.40219.1
Project("{9A19103F-16F7-4668-BE54-9A1E7A4F7556}") = "DataLayer", "Library\DataLayer\DataLayer.csproj", "{37F35CAD-0E16-44DE-B1EC-B8806B87AF27}"
EndProject
Project("{9A19103F-16F7-4668-BE54-9A1E7A4F7556}") = "Tests", "Library\Tests\Tests.csproj", "{E482E32E-3CA7-46DD-83C9-B094E0AD8BA3}"
EndProject
Project("{2150E333-8FDC-42A3-9474-1A3956D46DE8}") = "Library", "Library", "{B858A003-F5DD-4F95-99D9-5A7560A0B8CF}"
EndProject
Project("{9A19103F-16F7-4668-BE54-9A1E7A4F7556}") = "Presentation", "Library\Presentation\Presentation.csproj", "{C69FD601-389B-4CD1-A1FF-899261179F05}"
EndProject
Project("{9A19103F-16F7-4668-BE54-9A1E7A4F7556}") = "Service", "Library\Service\Service.csproj", "{AD1B47F1-3FB2-41A7-9C6C-41F294FF835E}"
EndProject
Global
	GlobalSection(SolutionConfigurationPlatforms) = preSolution
		Debug|Any CPU = Debug|Any CPU
		Release|Any CPU = Release|Any CPU
	EndGlobalSection
	GlobalSection(ProjectConfigurationPlatforms) = postSolution
		{37F35CAD-0E16-44DE-B1EC-B8806B87AF27}.Debug|Any CPU.ActiveCfg = Debug|Any CPU
		{37F35CAD-0E16-44DE-B1EC-B8806B87AF27}.Debug|Any CPU.Build.0 = Debug|Any CPU
		{37F35CAD-0E16-44DE-B1EC-B8806B87AF27}.Release|Any CPU.ActiveCfg = Release|Any CPU
		{37F35CAD-0E16-44DE-B1EC-B8806B87AF27}.Release|Any CPU.Build.0 = Release|Any CPU
		{E482E32E-3CA7-46DD-83C9-B094E0AD8BA3}.Debug|Any CPU.ActiveCfg = Debug|Any CPU
		{E482E32E-3CA7-46DD-83C9-B094E0AD8BA3}.Debug|Any CPU.Build.0 = Debug|Any CPU
		{E482E32E-3CA7-46DD-83C9-B094E0AD8BA3}.Release|Any CPU.ActiveCfg = Release|Any CPU
		{E482E32E-3CA7-46DD-83C9-B094E0AD8BA3}.Release|Any CPU.Build.0 = Release|Any CPU
		{C69FD601-389B-4CD1-A1FF-899261179F05}.Debug|Any CPU.ActiveCfg = Debug|Any CPU
		{C69FD601-389B-4CD1-A1FF-899261179F05}.Debug|Any CPU.Build.0 = Debug|Any CPU
		{C69FD601-389B-4CD1-A1FF-899261179F05}.Release|Any CPU.ActiveCfg = Release|Any CPU
		{C69FD601-389B-4CD1-A1FF-899261179F05}.Release|Any CPU.Build.0 = Release|Any CPU
		{AD1B47F1-3FB2-41A7-9C6C-41F294FF835E}.Debug|Any CPU.ActiveCfg = Debug|Any CPU
		{AD1B47F1-3FB2-41A7-9C6C-41F294FF835E}.Debug|Any CPU.Build.0 = Debug|Any CPU
		{AD1B47F1-3FB2-41A7-9C6C-41F294FF835E}.Release|Any CPU.ActiveCfg = Release|Any CPU
		{AD1B47F1-3FB2-41A7-9C6C-41F294FF835E}.Release|Any CPU.Build.0 = Release|Any CPU
	EndGlobalSection
	GlobalSection(SolutionProperties) = preSolution
		HideSolutionNode = FALSE
	EndGlobalSection
	GlobalSection(NestedProjects) = preSolution
		{37F35CAD-0E16-44DE-B1EC-B8806B87AF27} = {B858A003-F5DD-4F95-99D9-5A7560A0B8CF}
		{E482E32E-3CA7-46DD-83C9-B094E0AD8BA3} = {B858A003-F5DD-4F95-99D9-5A7560A0B8CF}
		{C69FD601-389B-4CD1-A1FF-899261179F05} = {B858A003-F5DD-4F95-99D9-5A7560A0B8CF}
		{AD1B47F1-3FB2-41A7-9C6C-41F294FF835E} = {B858A003-F5DD-4F95-99D9-5A7560A0B8CF}
	EndGlobalSection
	GlobalSection(ExtensibilityGlobals) = postSolution
		SolutionGuid = {B8DC2F37-8FC7-433C-BA78-56CAE077B47B}
	EndGlobalSection
EndGlobal
